
Microsoft Visual Studio Solution File, Format Version 12.00
# Visual Studio 14
VisualStudioVersion = 14.0.22823.1
MinimumVisualStudioVersion = 10.0.40219.1
Project("{54435603-DBB4-11D2-8724-00A0C9A8B90C}") = "SkypeLightSetup", "SkypeLightSetup\SkypeLightSetup.vdproj", "{357D9FB2-81F3-47AF-9128-2A03FCF8674B}"
EndProject
Global
	GlobalSection(SolutionConfigurationPlatforms) = preSolution
		Debug|Default = Debug|Default
		Release|Default = Release|Default
	EndGlobalSection
	GlobalSection(ProjectConfigurationPlatforms) = postSolution
		{357D9FB2-81F3-47AF-9128-2A03FCF8674B}.Debug|Default.ActiveCfg = Debug
		{357D9FB2-81F3-47AF-9128-2A03FCF8674B}.Debug|Default.Build.0 = Debug
		{357D9FB2-81F3-47AF-9128-2A03FCF8674B}.Release|Default.ActiveCfg = Release
		{357D9FB2-81F3-47AF-9128-2A03FCF8674B}.Release|Default.Build.0 = Release
	EndGlobalSection
	GlobalSection(SolutionProperties) = preSolution
		HideSolutionNode = FALSE
	EndGlobalSection
EndGlobal
