
Microsoft Visual Studio Solution File, Format Version 12.00
# Visual Studio Version 17
VisualStudioVersion = 17.3.32922.545
MinimumVisualStudioVersion = 10.0.40219.1
Project("{FAE04EC0-301F-11D3-BF4B-00C04F79EFBC}") = "SkypeLight", "SkypeLight\SkypeLight.csproj", "{996E7E87-9060-4E35-B445-83544301EAAF}"
EndProject
Global
	GlobalSection(SolutionConfigurationPlatforms) = preSolution
		Debug|Any CPU = Debug|Any CPU
		Debug|ARM = Debug|ARM
		Debug|ARM64 = Debug|ARM64
		Debug|x64 = Debug|x64
		Debug|x86 = Debug|x86
		Release|Any CPU = Release|Any CPU
		Release|ARM = Release|ARM
		Release|ARM64 = Release|ARM64
		Release|x64 = Release|x64
		Release|x86 = Release|x86
	EndGlobalSection
	GlobalSection(ProjectConfigurationPlatforms) = postSolution
		{996E7E87-9060-4E35-B445-83544301EAAF}.Debug|Any CPU.ActiveCfg = Debug|Any CPU
		{996E7E87-9060-4E35-B445-83544301EAAF}.Debug|Any CPU.Build.0 = Debug|Any CPU
		{996E7E87-9060-4E35-B445-83544301EAAF}.Debug|ARM.ActiveCfg = Debug|Any CPU
		{996E7E87-9060-4E35-B445-83544301EAAF}.Debug|ARM.Build.0 = Debug|Any CPU
		{996E7E87-9060-4E35-B445-83544301EAAF}.Debug|ARM64.ActiveCfg = Debug|Any CPU
		{996E7E87-9060-4E35-B445-83544301EAAF}.Debug|ARM64.Build.0 = Debug|Any CPU
		{996E7E87-9060-4E35-B445-83544301EAAF}.Debug|x64.ActiveCfg = Debug|Any CPU
		{996E7E87-9060-4E35-B445-83544301EAAF}.Debug|x64.Build.0 = Debug|Any CPU
		{996E7E87-9060-4E35-B445-83544301EAAF}.Debug|x86.ActiveCfg = Debug|Any CPU
		{996E7E87-9060-4E35-B445-83544301EAAF}.Debug|x86.Build.0 = Debug|Any CPU
		{996E7E87-9060-4E35-B445-83544301EAAF}.Release|Any CPU.ActiveCfg = Release|Any CPU
		{996E7E87-9060-4E35-B445-83544301EAAF}.Release|Any CPU.Build.0 = Release|Any CPU
		{996E7E87-9060-4E35-B445-83544301EAAF}.Release|ARM.ActiveCfg = Release|Any CPU
		{996E7E87-9060-4E35-B445-83544301EAAF}.Release|ARM.Build.0 = Release|Any CPU
		{996E7E87-9060-4E35-B445-83544301EAAF}.Release|ARM64.ActiveCfg = Release|Any CPU
		{996E7E87-9060-4E35-B445-83544301EAAF}.Release|ARM64.Build.0 = Release|Any CPU
		{996E7E87-9060-4E35-B445-83544301EAAF}.Release|x64.ActiveCfg = Release|Any CPU
		{996E7E87-9060-4E35-B445-83544301EAAF}.Release|x64.Build.0 = Release|Any CPU
		{996E7E87-9060-4E35-B445-83544301EAAF}.Release|x86.ActiveCfg = Release|Any CPU
		{996E7E87-9060-4E35-B445-83544301EAAF}.Release|x86.Build.0 = Release|Any CPU
	EndGlobalSection
	GlobalSection(SolutionProperties) = preSolution
		HideSolutionNode = FALSE
	EndGlobalSection
	GlobalSection(ExtensibilityGlobals) = postSolution
		SolutionGuid = {93060E04-F029-4B92-B1FE-BC407D02B76E}
	EndGlobalSection
EndGlobal
